
Microsoft Visual Studio Solution File, Format Version 12.00
# Visual Studio Version 17
VisualStudioVersion = 17.11.35312.102
MinimumVisualStudioVersion = 10.0.40219.1
Project("{9A19103F-16F7-4668-BE54-9A1E7A4F7556}") = "College.Infrastructure", "College.Infrastructure.csproj", "{A18202D8-156F-4393-9AEC-B75062A1CCA7}"
EndProject
Global
	GlobalSection(SolutionConfigurationPlatforms) = preSolution
		Debug|Any CPU = Debug|Any CPU
		Release|Any CPU = Release|Any CPU
	EndGlobalSection
	GlobalSection(ProjectConfigurationPlatforms) = postSolution
		{A18202D8-156F-4393-9AEC-B75062A1CCA7}.Debug|Any CPU.ActiveCfg = Debug|Any CPU
		{A18202D8-156F-4393-9AEC-B75062A1CCA7}.Debug|Any CPU.Build.0 = Debug|Any CPU
		{A18202D8-156F-4393-9AEC-B75062A1CCA7}.Release|Any CPU.ActiveCfg = Release|Any CPU
		{A18202D8-156F-4393-9AEC-B75062A1CCA7}.Release|Any CPU.Build.0 = Release|Any CPU
	EndGlobalSection
	GlobalSection(SolutionProperties) = preSolution
		HideSolutionNode = FALSE
	EndGlobalSection
	GlobalSection(ExtensibilityGlobals) = postSolution
		SolutionGuid = {88EB25FD-B5A6-4745-98FB-BBA37388DDB8}
	EndGlobalSection
EndGlobal
